---
http_interactions:
- request:
    method: post
    uri: https://generativelanguage.googleapis.com/v1beta/models/gemini-3.1-flash-lite:generateContent?key=TOKEN
    body:
      encoding: UTF-8
      string: '{"contents":[{"role":"user","parts":[{"text":"You are a bot that can
        run UNIX commands"}]},{"role":"user","parts":[{"text":"What is the date?"}]}],"tools":[{"functionDeclarations":[{"name":"system","description":"Runs
        system commands","parameters":{"type":"object","properties":{"command":{"type":"string"}},"required":["command"]}}]}]}'
    headers:
      User-Agent:
      - llm.rb v12.6.0
      Content-Type:
      - application/json
      Transfer-Encoding:
      - chunked
      Accept-Encoding:
      - gzip;q=1.0,deflate;q=0.6,identity;q=0.3
      Accept:
      - "*/*"
  response:
    status:
      code: 200
      message: OK
    headers:
      X-Gemini-Service-Tier:
      - standard
      Content-Type:
      - application/json; charset=UTF-8
      Vary:
      - Origin
      - Referer
      - X-Origin
      Date:
      - Mon, 20 Jul 2026 03:18:32 GMT
      Server:
      - scaffolding on HTTPServer2
      X-Xss-Protection:
      - '0'
      X-Frame-Options:
      - SAMEORIGIN
      X-Content-Type-Options:
      - nosniff
      Server-Timing:
      - gfet4t7; dur=1256
      Alt-Svc:
      - h3=":443"; ma=2592000,h3-29=":443"; ma=2592000
      Transfer-Encoding:
      - chunked
    body:
      encoding: ASCII-8BIT
      string: |
        {
          "candidates": [
            {
              "content": {
                "parts": [
                  {
                    "functionCall": {
                      "name": "system",
                      "args": {
                        "command": "date"
                      },
                      "id": "HTfECW1L"
                    },
                    "thoughtSignature": "EjQKMgERTTIPsVH1ilnNyLT5Z38lPElDMHMxWJGzgZ17Mr81tu7nZo1eVxDvbEjMh/F6/NIu"
                  }
                ],
                "role": "model"
              },
              "finishReason": "STOP",
              "index": 0,
              "finishMessage": "Model generated function call(s)."
            }
          ],
          "usageMetadata": {
            "promptTokenCount": 54,
            "candidatesTokenCount": 14,
            "totalTokenCount": 68,
            "promptTokensDetails": [
              {
                "modality": "TEXT",
                "tokenCount": 54
              }
            ],
            "serviceTier": "standard"
          },
          "modelVersion": "gemini-3.1-flash-lite",
          "responseId": "iJNdar32B6GGz7IP28Xh4QQ"
        }
  recorded_at: Mon, 20 Jul 2026 03:18:32 GMT
- request:
    method: post
    uri: https://generativelanguage.googleapis.com/v1beta/models/gemini-3.1-flash-lite:generateContent?key=TOKEN
    body:
      encoding: UTF-8
      string: '{"contents":[{"role":"user","parts":[{"text":"You are a bot that can
        run UNIX commands"}]},{"role":"user","parts":[{"text":"What is the date?"}]},{"role":"model","parts":[{"functionCall":{"name":"system","args":{"command":"date"},"id":"HTfECW1L"},"thoughtSignature":"EjQKMgERTTIPsVH1ilnNyLT5Z38lPElDMHMxWJGzgZ17Mr81tu7nZo1eVxDvbEjMh/F6/NIu"}]},{"role":"user","parts":[{"functionResponse":{"name":"system","response":{"success":"2025-08-24"}}}]}],"tools":[{"functionDeclarations":[{"name":"system","description":"Runs
        system commands","parameters":{"type":"object","properties":{"command":{"type":"string"}},"required":["command"]}}]}]}'
    headers:
      User-Agent:
      - llm.rb v12.6.0
      Content-Type:
      - application/json
      Transfer-Encoding:
      - chunked
      Accept-Encoding:
      - gzip;q=1.0,deflate;q=0.6,identity;q=0.3
      Accept:
      - "*/*"
  response:
    status:
      code: 200
      message: OK
    headers:
      X-Gemini-Service-Tier:
      - standard
      Content-Type:
      - application/json; charset=UTF-8
      Vary:
      - Origin
      - Referer
      - X-Origin
      Date:
      - Mon, 20 Jul 2026 03:18:33 GMT
      Server:
      - scaffolding on HTTPServer2
      X-Xss-Protection:
      - '0'
      X-Frame-Options:
      - SAMEORIGIN
      X-Content-Type-Options:
      - nosniff
      Server-Timing:
      - gfet4t7; dur=1185
      Alt-Svc:
      - h3=":443"; ma=2592000,h3-29=":443"; ma=2592000
      Transfer-Encoding:
      - chunked
    body:
      encoding: ASCII-8BIT
      string: |
        {
          "candidates": [
            {
              "content": {
                "parts": [
                  {
                    "text": "The current date is 2025-08-24.",
                    "thoughtSignature": "EjQKMgERTTIPKUC/Ntperwt1BY8SHBuQW/IsHl2L+NRqH7WXZfPOj65TVtMMD1shQFxVKLEH"
                  }
                ],
                "role": "model"
              },
              "finishReason": "STOP",
              "index": 0
            }
          ],
          "usageMetadata": {
            "promptTokenCount": 89,
            "candidatesTokenCount": 16,
            "totalTokenCount": 105,
            "promptTokensDetails": [
              {
                "modality": "TEXT",
                "tokenCount": 89
              }
            ],
            "serviceTier": "standard"
          },
          "modelVersion": "gemini-3.1-flash-lite",
          "responseId": "iZNdas_pHamlqtsPgujO2AI"
        }
  recorded_at: Mon, 20 Jul 2026 03:18:33 GMT
recorded_with: VCR 6.4.0
