---
http_interactions:
- request:
    method: post
    uri: https://generativelanguage.googleapis.com/v1beta/models/gemini-2.5-flash:generateContent?key=TOKEN
    body:
      encoding: UTF-8
      string: '{"contents":[{"role":"user","parts":[{"text":"What is the date?"}]},{"role":"user","parts":[{"text":"You
        are a bot that can run UNIX commands"}]}],"tools":[{"functionDeclarations":[{"name":"system","description":"Runs
        system commands","parameters":{"type":"object","properties":{"command":{"type":"string"}},"required":["command"]}}]}]}'
    headers:
      Content-Type:
      - application/json
      Accept-Encoding:
      - gzip;q=1.0,deflate;q=0.6,identity;q=0.3
      Accept:
      - "*/*"
      User-Agent:
      - Ruby
      Transfer-Encoding:
      - chunked
  response:
    status:
      code: 200
      message: OK
    headers:
      Content-Type:
      - application/json; charset=UTF-8
      Vary:
      - Origin
      - Referer
      - X-Origin
      Date:
      - Mon, 23 Feb 2026 11:40:36 GMT
      Server:
      - scaffolding on HTTPServer2
      X-Xss-Protection:
      - '0'
      X-Frame-Options:
      - SAMEORIGIN
      X-Content-Type-Options:
      - nosniff
      Server-Timing:
      - gfet4t7; dur=953
      Alt-Svc:
      - h3=":443"; ma=2592000,h3-29=":443"; ma=2592000
      Transfer-Encoding:
      - chunked
    body:
      encoding: ASCII-8BIT
      string: |
        {
          "candidates": [
            {
              "content": {
                "parts": [
                  {
                    "functionCall": {
                      "name": "system",
                      "args": {
                        "command": "date"
                      }
                    },
                    "thoughtSignature": "CpsCAb4+9vsnR3jEKZIIpMR9c8iznTLLnjZUUf2QbEAQFFGPO5abfetzN/V1Qp23HgrBNjAeC2U1jJr0D6Gn1ts28FcZCBel724U6gPIfq76/adfi9w+VXWgAuyT6UubwMv88ze12giRKPOmpl4qb9BleB2Ou42ruFPs2enZbh+Dj6yQJARw/tXgVkMO1V3svX5GRz8653k7WCM69S9of26wqamR7fnWTZ7ZHE4+rhqofTWzzqqSlyuPfEBguUjQKXgVD7M7izbaYLMfitKyJFl/e2U3bqYYhS0q0GmL/PZs2Rb0hl4lXvq+FdMTT14XaXmJBpJ0cLq3wp1k4JIxLkNG/t30JQZkPaH2HSkla+Umnq1wyDJFy+rdE3gn+w=="
                  }
                ],
                "role": "model"
              },
              "finishReason": "STOP",
              "index": 0,
              "finishMessage": "Model generated function call(s)."
            }
          ],
          "usageMetadata": {
            "promptTokenCount": 49,
            "candidatesTokenCount": 13,
            "totalTokenCount": 124,
            "promptTokensDetails": [
              {
                "modality": "TEXT",
                "tokenCount": 49
              }
            ],
            "thoughtsTokenCount": 62
          },
          "modelVersion": "gemini-2.5-flash",
          "responseId": "tDycafjWArvSz7IPnr_nuQU"
        }
  recorded_at: Mon, 23 Feb 2026 11:40:32 GMT
- request:
    method: post
    uri: https://generativelanguage.googleapis.com/v1beta/models/gemini-2.5-flash:generateContent?key=TOKEN
    body:
      encoding: UTF-8
      string: '{"contents":[{"role":"user","parts":[{"text":"You are a bot that can
        run UNIX commands"}]},{"role":"user","parts":[{"text":"What is the date?"}]},{"role":"model","parts":[{"functionCall":{"name":"system","args":{"command":"date"}}}]},{"role":"user","parts":[{"functionResponse":{"name":"system","response":{"success":"2025-08-24"}}}]}],"tools":[{"functionDeclarations":[{"name":"system","description":"Runs
        system commands","parameters":{"type":"object","properties":{"command":{"type":"string"}},"required":["command"]}}]}]}'
    headers:
      Content-Type:
      - application/json
      Accept-Encoding:
      - gzip;q=1.0,deflate;q=0.6,identity;q=0.3
      Accept:
      - "*/*"
      User-Agent:
      - Ruby
      Transfer-Encoding:
      - chunked
  response:
    status:
      code: 200
      message: OK
    headers:
      Content-Type:
      - application/json; charset=UTF-8
      Vary:
      - Origin
      - Referer
      - X-Origin
      Date:
      - Mon, 23 Feb 2026 11:40:37 GMT
      Server:
      - scaffolding on HTTPServer2
      X-Xss-Protection:
      - '0'
      X-Frame-Options:
      - SAMEORIGIN
      X-Content-Type-Options:
      - nosniff
      Server-Timing:
      - gfet4t7; dur=726
      Alt-Svc:
      - h3=":443"; ma=2592000,h3-29=":443"; ma=2592000
      Transfer-Encoding:
      - chunked
    body:
      encoding: ASCII-8BIT
      string: |
        {
          "candidates": [
            {
              "content": {
                "parts": [
                  {
                    "text": "Today's date is August 24, 2025."
                  }
                ],
                "role": "model"
              },
              "finishReason": "STOP",
              "index": 0
            }
          ],
          "usageMetadata": {
            "promptTokenCount": 84,
            "candidatesTokenCount": 16,
            "totalTokenCount": 100,
            "promptTokensDetails": [
              {
                "modality": "TEXT",
                "tokenCount": 84
              }
            ]
          },
          "modelVersion": "gemini-2.5-flash",
          "responseId": "tTycacj3BdTjz7IP3PmnsAU"
        }
  recorded_at: Mon, 23 Feb 2026 11:40:33 GMT
recorded_with: VCR 6.3.1
