---
http_interactions:
- request:
    method: post
    uri: https://api.mistral.ai/v1/chat/completions
    body:
      encoding: UTF-8
      string: '{"messages":[{"role":"user","content":[{"type":"text","text":"You are
        a bot that can run UNIX commands"}]},{"role":"user","content":[{"type":"text","text":"What
        is the date?"}]}],"model":"mistral-large-latest","tools":[{"type":"function","function":{"name":"system","description":"Runs
        system commands","parameters":{"type":"object","properties":{"command":{"type":"string"}},"required":["command"]}}}]}'
    headers:
      User-Agent:
      - llm.rb v12.1.0
      Content-Type:
      - application/json
      Authorization:
      - Bearer HLAqrnifGXE0eWiKDvy6moMIPArCSYno
      Transfer-Encoding:
      - chunked
      Accept-Encoding:
      - gzip;q=1.0,deflate;q=0.6,identity;q=0.3
      Accept:
      - "*/*"
  response:
    status:
      code: 200
      message: OK
    headers:
      Date:
      - Thu, 09 Jul 2026 05:21:47 GMT
      Content-Type:
      - application/json
      Transfer-Encoding:
      - chunked
      Connection:
      - keep-alive
      Mistral-Correlation-Id:
      - '019f4553-26f7-7c64-952f-3c7382b67d3b'
      X-Kong-Request-Id:
      - '019f4553-26f7-7c64-952f-3c7382b67d3b'
      X-Max-Retry-Attempts-Reached:
      - 'false'
      X-Ratelimit-Limit-Tokens-Minute:
      - '400000'
      X-Ratelimit-Remaining-Tokens-Minute:
      - '399637'
      X-Ratelimit-Tokens-Query-Cost:
      - '85'
      X-Ratelimit-Limit-Req-Minute:
      - '15'
      X-Ratelimit-Remaining-Req-Minute:
      - '11'
      X-Envoy-Upstream-Service-Time:
      - '1692'
      Server:
      - cloudflare
      Access-Control-Allow-Origin:
      - "*"
      X-Kong-Upstream-Latency:
      - '1694'
      X-Kong-Proxy-Latency:
      - '9'
      Cf-Cache-Status:
      - DYNAMIC
      Set-Cookie:
      - __cf_bm=XVRPv2MfXonLaH8bVQu.5UKiKQZLddfXNEEKFxy0JO0-1783574505.1033645-1.0.1.1-b1U7DsZ7kkuBxseTf0Au28eRRr.u7WjhXCU2Z1ZD920maGpvhIaorepOVmZqoXfV5InrY.wr4dBKpWMJfFIW7nCkYHuDtEhrxPfRoaQUvEWxHVyjR5CvHkN_HSgbMXw1;
        HttpOnly; SameSite=None; Secure; Path=/; Domain=mistral.ai; Expires=Thu, 09
        Jul 2026 05:51:47 GMT
      Strict-Transport-Security:
      - max-age=15552000; includeSubDomains; preload
      X-Content-Type-Options:
      - nosniff
      Cf-Ray:
      - a184e310eb40fefc-GRU
      Alt-Svc:
      - h3=":443"; ma=86400
    body:
      encoding: ASCII-8BIT
      string: '{"id":"b61ca99a85354f3ba0c3b2767ce0f0e1","created":1783574506,"model":"mistral-large-latest","usage":{"prompt_tokens":75,"total_tokens":85,"completion_tokens":10,"prompt_tokens_details":{"cached_tokens":0}},"object":"chat.completion","choices":[{"index":0,"finish_reason":"tool_calls","message":{"role":"assistant","tool_calls":[{"id":"z9IffSx4S","type":"function","function":{"name":"system","arguments":"{\"command\":
        \"date\"}"},"index":0}],"content":""}}]}'
  recorded_at: Thu, 09 Jul 2026 05:21:46 GMT
- request:
    method: post
    uri: https://api.mistral.ai/v1/chat/completions
    body:
      encoding: UTF-8
      string: '{"messages":[{"role":"user","content":[{"type":"text","text":"You are
        a bot that can run UNIX commands"}]},{"role":"user","content":[{"type":"text","text":"What
        is the date?"}]},{"role":"assistant","content":"","tool_calls":[{"id":"z9IffSx4S","type":"function","function":{"name":"system","arguments":"{\"command\":
        \"date\"}"},"index":0}]},{"role":"tool","name":"system","tool_call_id":"z9IffSx4S","content":"{\"success\":\"2025-08-24\"}"}],"model":"mistral-large-latest","tools":[{"type":"function","function":{"name":"system","description":"Runs
        system commands","parameters":{"type":"object","properties":{"command":{"type":"string"}},"required":["command"]}}}]}'
    headers:
      User-Agent:
      - llm.rb v12.1.0
      Content-Type:
      - application/json
      Authorization:
      - Bearer HLAqrnifGXE0eWiKDvy6moMIPArCSYno
      Transfer-Encoding:
      - chunked
      Accept-Encoding:
      - gzip;q=1.0,deflate;q=0.6,identity;q=0.3
      Accept:
      - "*/*"
  response:
    status:
      code: 200
      message: OK
    headers:
      Date:
      - Thu, 09 Jul 2026 05:21:47 GMT
      Content-Type:
      - application/json
      Transfer-Encoding:
      - chunked
      Connection:
      - keep-alive
      Mistral-Correlation-Id:
      - '019f4553-2ec1-7789-99ce-c95bd34d4bb1'
      X-Kong-Request-Id:
      - '019f4553-2ec1-7789-99ce-c95bd34d4bb1'
      X-Max-Retry-Attempts-Reached:
      - 'false'
      X-Ratelimit-Limit-Tokens-Minute:
      - '400000'
      X-Ratelimit-Remaining-Tokens-Minute:
      - '399517'
      X-Ratelimit-Tokens-Query-Cost:
      - '120'
      X-Ratelimit-Limit-Req-Minute:
      - '15'
      X-Ratelimit-Remaining-Req-Minute:
      - '10'
      X-Envoy-Upstream-Service-Time:
      - '446'
      Server:
      - cloudflare
      Access-Control-Allow-Origin:
      - "*"
      X-Kong-Upstream-Latency:
      - '447'
      X-Kong-Proxy-Latency:
      - '11'
      Cf-Cache-Status:
      - DYNAMIC
      Set-Cookie:
      - __cf_bm=NO7sVYZJo13iREJdAdBYNGVqDiSjANi.z3H19ajspqg-1783574507.0949492-1.0.1.1-l3O1Nw9nVE7z_mAtneISonqrryJvTuBXa.jUZC58JLTRRHkKyRk1Ti3g8ChLt1Gs5OqIVr98PlbuTaHyG3MsHndPrtQ56tLld6Br1HjMArt8qZcYk2HQ7i2svVHroqX_;
        HttpOnly; SameSite=None; Secure; Path=/; Domain=mistral.ai; Expires=Thu, 09
        Jul 2026 05:51:47 GMT
      Strict-Transport-Security:
      - max-age=15552000; includeSubDomains; preload
      X-Content-Type-Options:
      - nosniff
      Cf-Ray:
      - a184e31d5bfaf256-GRU
      Alt-Svc:
      - h3=":443"; ma=86400
    body:
      encoding: ASCII-8BIT
      string: '{"id":"c68e4e8650354524a3c24f9bbaa65c8c","created":1783574507,"model":"mistral-large-latest","usage":{"prompt_tokens":101,"total_tokens":120,"completion_tokens":19,"prompt_tokens_details":{"cached_tokens":0}},"object":"chat.completion","choices":[{"index":0,"finish_reason":"stop","message":{"role":"assistant","tool_calls":null,"content":"The
        current date is **Saturday, August 24, 2025**."}}]}'
  recorded_at: Thu, 09 Jul 2026 05:21:47 GMT
recorded_with: VCR 6.4.0
