---
http_interactions:
- request:
    method: post
    uri: https://api.openai.com/v1/responses
    body:
      encoding: UTF-8
      string: '{"input":[{"role":"user","content":[{"type":"input_text","text":"You
        are a bot that can run UNIX commands"}]},{"role":"user","content":[{"type":"input_text","text":"What
        is the date?"}]}],"model":"gpt-5.6-luna","store":false,"stream":false,"tools":[{"type":"function","name":"system","description":"Runs
        system commands","parameters":{"type":"object","properties":{"command":{"type":"string"}},"required":["command"],"additionalProperties":false},"strict":false}]}'
    headers:
      User-Agent:
      - llm.rb v15.2.2
      Content-Type:
      - application/json
      Authorization:
      - Bearer TOKEN
      Transfer-Encoding:
      - chunked
      Accept-Encoding:
      - gzip;q=1.0,deflate;q=0.6,identity;q=0.3
      Accept:
      - "*/*"
  response:
    status:
      code: 200
      message: OK
    headers:
      Date:
      - Tue, 15 Sep 2026 15:43:56 GMT
      Content-Type:
      - application/json
      Transfer-Encoding:
      - chunked
      Connection:
      - keep-alive
      Cf-Ray:
      - a3b8bff00cf6d7eb-GRU
      Cf-Cache-Status:
      - DYNAMIC
      Server:
      - cloudflare
      Strict-Transport-Security:
      - max-age=31536000; includeSubDomains; preload
      X-Content-Type-Options:
      - nosniff
      Access-Control-Expose-Headers:
      - CF-Ray
      - CF-Ray
      - X-Request-ID
      Openai-Organization:
      - user-j1pztzt5nogpcsid23u7gskj
      Openai-Processing-Ms:
      - '1187'
      Openai-Project:
      - proj_YSiqu4bByPgi6EwPnLiY8irR
      Openai-Version:
      - '2020-10-01'
      X-Ratelimit-Limit-Requests:
      - '5000'
      X-Ratelimit-Limit-Tokens:
      - '4000000'
      X-Ratelimit-Remaining-Requests:
      - '4999'
      X-Ratelimit-Remaining-Tokens:
      - '4000000'
      X-Ratelimit-Reset-Requests:
      - 12ms
      X-Ratelimit-Reset-Tokens:
      - 0s
      X-Request-Id:
      - req_5989e5a51f10429b9ee3206f145a1b3a
      Set-Cookie:
      - __cf_bm=RdiKsqobIgD7yWLzt8c7MQ4UaxilAFKmTYui9ehkf0k-1789487034.8815825-1.0.1.1-B6YBT7xz6oHzzS.CwAtu_dIosdCHODXdVVgTcgqcA1ZWhf8OFHGzEVlvBxOYoUL1mhqnmcusDg97.7x3dsL2fVh.DPJCxyi5A7sLSNopRIJISF5KYEr5QGjd5_VVrKHi;
        HttpOnly; SameSite=None; Secure; Path=/; Domain=api.openai.com; Expires=Tue,
        15 Sep 2026 16:13:56 GMT
      Alt-Svc:
      - h3=":443"; ma=86400
    body:
      encoding: ASCII-8BIT
      string: |-
        {
          "id": "resp_0194619efb0a9d9f016aa967bb0c4c87d2b6cc09594ded030f",
          "object": "response",
          "created_at": 1789487035,
          "status": "completed",
          "background": false,
          "billing": {
            "payer": "developer"
          },
          "completed_at": 1789487036,
          "error": null,
          "frequency_penalty": 0.0,
          "incomplete_details": null,
          "instructions": null,
          "max_output_tokens": null,
          "max_tool_calls": null,
          "model": "gpt-5.6-luna",
          "moderation": null,
          "output": [
            {
              "id": "fc_0194619efb0a9d9f016aa967bc04e487d282c0c1e467f999b2",
              "type": "function_call",
              "status": "completed",
              "arguments": "{\"command\":\"date\"}",
              "call_id": "call_jEEUN66Dr5uralK0bbVbUQgl",
              "name": "system"
            }
          ],
          "parallel_tool_calls": true,
          "presence_penalty": 0.0,
          "previous_response_id": null,
          "prompt_cache_key": null,
          "prompt_cache_retention": "24h",
          "reasoning": {
            "context": "all_turns",
            "effort": "medium",
            "mode": "standard",
            "summary": null
          },
          "safety_identifier": null,
          "service_tier": "default",
          "store": false,
          "temperature": 1.0,
          "text": {
            "format": {
              "type": "text"
            },
            "verbosity": "medium"
          },
          "tool_choice": "auto",
          "tool_usage": {
            "image_gen": {
              "input_tokens": 0,
              "input_tokens_details": {
                "image_tokens": 0,
                "text_tokens": 0
              },
              "output_tokens": 0,
              "output_tokens_details": {
                "image_tokens": 0,
                "text_tokens": 0
              },
              "total_tokens": 0
            },
            "web_search": {
              "num_requests": 0
            }
          },
          "tools": [
            {
              "type": "function",
              "description": "Runs system commands",
              "name": "system",
              "output_schema": null,
              "parameters": {
                "type": "object",
                "properties": {
                  "command": {
                    "type": "string"
                  }
                },
                "required": [
                  "command"
                ],
                "additionalProperties": false
              },
              "strict": false
            }
          ],
          "top_logprobs": 0,
          "top_p": 0.98,
          "truncation": "disabled",
          "usage": {
            "input_tokens": 57,
            "input_tokens_details": {
              "cache_write_tokens": 0,
              "cached_tokens": 0
            },
            "output_tokens": 17,
            "output_tokens_details": {
              "reasoning_tokens": 0
            },
            "total_tokens": 74
          },
          "user": null,
          "metadata": {}
        }
  recorded_at: Tue, 15 Sep 2026 15:43:39 GMT
- request:
    method: post
    uri: https://api.openai.com/v1/responses
    body:
      encoding: UTF-8
      string: '{"input":[{"role":"user","content":[{"type":"input_text","text":"You
        are a bot that can run UNIX commands"}]},{"role":"user","content":[{"type":"input_text","text":"What
        is the date?"}]},{"id":"fc_0194619efb0a9d9f016aa967bc04e487d282c0c1e467f999b2","type":"function_call","status":"completed","arguments":"{\"command\":\"date\"}","call_id":"call_jEEUN66Dr5uralK0bbVbUQgl","name":"system"},{"type":"function_call_output","call_id":"call_jEEUN66Dr5uralK0bbVbUQgl","output":"{\"success\":\"2025-08-24\"}"}],"model":"gpt-5.6-luna","store":false,"stream":false,"tools":[{"type":"function","name":"system","description":"Runs
        system commands","parameters":{"type":"object","properties":{"command":{"type":"string"}},"required":["command"],"additionalProperties":false},"strict":false}]}'
    headers:
      User-Agent:
      - llm.rb v15.2.2
      Content-Type:
      - application/json
      Authorization:
      - Bearer TOKEN
      Transfer-Encoding:
      - chunked
      Accept-Encoding:
      - gzip;q=1.0,deflate;q=0.6,identity;q=0.3
      Accept:
      - "*/*"
  response:
    status:
      code: 200
      message: OK
    headers:
      Date:
      - Tue, 15 Sep 2026 15:43:57 GMT
      Content-Type:
      - application/json
      Transfer-Encoding:
      - chunked
      Connection:
      - keep-alive
      Cf-Ray:
      - a3b8bff9e982f245-GRU
      Cf-Cache-Status:
      - DYNAMIC
      Server:
      - cloudflare
      Strict-Transport-Security:
      - max-age=31536000; includeSubDomains; preload
      X-Content-Type-Options:
      - nosniff
      Access-Control-Expose-Headers:
      - CF-Ray
      - CF-Ray
      - X-Request-ID
      Openai-Organization:
      - user-j1pztzt5nogpcsid23u7gskj
      Openai-Processing-Ms:
      - '1089'
      Openai-Project:
      - proj_YSiqu4bByPgi6EwPnLiY8irR
      Openai-Version:
      - '2020-10-01'
      X-Ratelimit-Limit-Requests:
      - '5000'
      X-Ratelimit-Limit-Tokens:
      - '4000000'
      X-Ratelimit-Remaining-Requests:
      - '4999'
      X-Ratelimit-Remaining-Tokens:
      - '4000000'
      X-Ratelimit-Reset-Requests:
      - 12ms
      X-Ratelimit-Reset-Tokens:
      - 0s
      X-Request-Id:
      - req_9506acb8a8a4434b9223771fa6b867da
      Set-Cookie:
      - __cf_bm=rfdcG87zd37HSAfPOaD9kuGtX4JdgaFnWob1huq62IE-1789487036.4624279-1.0.1.1-YZlCjqI9kgA_lUbudJcG8C.x.mCMcgo6bmGS5Qco0wy6nxgH5C_rMAgUo3c5m8YiesUPMBJoe9hY7EwU7i_xcxka6gq9cIhG5UzI0oSPPxf56OZEnphsvrIqA9dlsk8A;
        HttpOnly; SameSite=None; Secure; Path=/; Domain=api.openai.com; Expires=Tue,
        15 Sep 2026 16:13:57 GMT
      Alt-Svc:
      - h3=":443"; ma=86400
    body:
      encoding: ASCII-8BIT
      string: |-
        {
          "id": "resp_0194619efb0a9d9f016aa967bc964087d297f3fd98d6862bba",
          "object": "response",
          "created_at": 1789487036,
          "status": "completed",
          "background": false,
          "billing": {
            "payer": "developer"
          },
          "completed_at": 1789487037,
          "error": null,
          "frequency_penalty": 0.0,
          "incomplete_details": null,
          "instructions": null,
          "max_output_tokens": null,
          "max_tool_calls": null,
          "model": "gpt-5.6-luna",
          "moderation": null,
          "output": [
            {
              "id": "msg_0194619efb0a9d9f016aa967bd51cc87d29b7759771a0e9d3b",
              "type": "message",
              "status": "completed",
              "content": [
                {
                  "type": "output_text",
                  "annotations": [],
                  "logprobs": [],
                  "text": "2025-08-24"
                }
              ],
              "phase": "final_answer",
              "role": "assistant"
            }
          ],
          "parallel_tool_calls": true,
          "presence_penalty": 0.0,
          "previous_response_id": null,
          "prompt_cache_key": null,
          "prompt_cache_retention": "24h",
          "reasoning": {
            "context": "all_turns",
            "effort": "medium",
            "mode": "standard",
            "summary": null
          },
          "safety_identifier": null,
          "service_tier": "default",
          "store": false,
          "temperature": 1.0,
          "text": {
            "format": {
              "type": "text"
            },
            "verbosity": "medium"
          },
          "tool_choice": "auto",
          "tool_usage": {
            "image_gen": {
              "input_tokens": 0,
              "input_tokens_details": {
                "image_tokens": 0,
                "text_tokens": 0
              },
              "output_tokens": 0,
              "output_tokens_details": {
                "image_tokens": 0,
                "text_tokens": 0
              },
              "total_tokens": 0
            },
            "web_search": {
              "num_requests": 0
            }
          },
          "tools": [
            {
              "type": "function",
              "description": "Runs system commands",
              "name": "system",
              "output_schema": null,
              "parameters": {
                "type": "object",
                "properties": {
                  "command": {
                    "type": "string"
                  }
                },
                "required": [
                  "command"
                ],
                "additionalProperties": false
              },
              "strict": false
            }
          ],
          "top_logprobs": 0,
          "top_p": 0.98,
          "truncation": "disabled",
          "usage": {
            "input_tokens": 94,
            "input_tokens_details": {
              "cache_write_tokens": 0,
              "cached_tokens": 0
            },
            "output_tokens": 10,
            "output_tokens_details": {
              "reasoning_tokens": 0
            },
            "total_tokens": 104
          },
          "user": null,
          "metadata": {}
        }
  recorded_at: Tue, 15 Sep 2026 15:43:41 GMT
recorded_with: VCR 6.4.0
